
Microsoft Visual Studio Solution File, Format Version 12.00
# Visual Studio Version 17
VisualStudioVersion = 17.3.32929.385
MinimumVisualStudioVersion = 10.0.40219.1
Project("{FAE04EC0-301F-11D3-BF4B-00C04F79EFBC}") = "Lista de contatos", "Lista de contatos\Lista de contatos.csproj", "{894A6D22-D437-4EBE-B957-BD86D1896874}"
EndProject
Global
	GlobalSection(SolutionConfigurationPlatforms) = preSolution
		Debug|Any CPU = Debug|Any CPU
		Release|Any CPU = Release|Any CPU
	EndGlobalSection
	GlobalSection(ProjectConfigurationPlatforms) = postSolution
		{894A6D22-D437-4EBE-B957-BD86D1896874}.Debug|Any CPU.ActiveCfg = Debug|Any CPU
		{894A6D22-D437-4EBE-B957-BD86D1896874}.Debug|Any CPU.Build.0 = Debug|Any CPU
		{894A6D22-D437-4EBE-B957-BD86D1896874}.Release|Any CPU.ActiveCfg = Release|Any CPU
		{894A6D22-D437-4EBE-B957-BD86D1896874}.Release|Any CPU.Build.0 = Release|Any CPU
	EndGlobalSection
	GlobalSection(SolutionProperties) = preSolution
		HideSolutionNode = FALSE
	EndGlobalSection
	GlobalSection(ExtensibilityGlobals) = postSolution
		SolutionGuid = {16C12A47-B593-471B-83FA-E7645F52F8E2}
	EndGlobalSection
EndGlobal
